
Microsoft Visual Studio Solution File, Format Version 12.00
# Visual Studio Version 17
VisualStudioVersion = 17.9.34622.214
MinimumVisualStudioVersion = 10.0.40219.1
Project("{2150E333-8FDC-42A3-9474-1A3956D46DE8}") = "CarBook", "CarBook", "{071D9DB5-ABD2-49FB-9318-47F0BB876101}"
EndProject
Project("{2150E333-8FDC-42A3-9474-1A3956D46DE8}") = "Core", "Core", "{1199088F-9CB3-4687-A022-8ED59B7FC723}"
EndProject
Project("{9A19103F-16F7-4668-BE54-9A1E7A4F7556}") = "Application", "Application\Application.csproj", "{108BD445-365D-4AAC-93A7-EBBDCB1672B6}"
EndProject
Project("{9A19103F-16F7-4668-BE54-9A1E7A4F7556}") = "Domain", "Domain\Domain.csproj", "{D8D61B84-411A-4FB9-9C99-DA86ED994D44}"
EndProject
Project("{9A19103F-16F7-4668-BE54-9A1E7A4F7556}") = "Infrastructure", "Infrastructure\Infrastructure.csproj", "{262248AD-9E99-465E-8967-1DC0FBAF90F2}"
EndProject
Project("{9A19103F-16F7-4668-BE54-9A1E7A4F7556}") = "Persistence", "Persistence\Persistence.csproj", "{4D426DD9-B82D-4164-BD05-8F2A36C2E96E}"
EndProject
Project("{9A19103F-16F7-4668-BE54-9A1E7A4F7556}") = "WebAPI", "WebAPI\WebAPI.csproj", "{2E00C1F6-EAE0-4304-A580-B41FBD1168B2}"
EndProject
Project("{2150E333-8FDC-42A3-9474-1A3956D46DE8}") = "Frontends", "Frontends", "{44E36FD6-986F-4D04-A148-0182BBFF8D58}"
EndProject
Project("{FAE04EC0-301F-11D3-BF4B-00C04F79EFBC}") = "CarBook.WebUI", "Frontends\CarBook.WebUI\CarBook.WebUI.csproj", "{B7DBC312-DA51-4EC9-A372-FCEC70632E9B}"
EndProject
Project("{FAE04EC0-301F-11D3-BF4B-00C04F79EFBC}") = "CarBook.Dto", "Frontends\CarBook.Dto\CarBook.Dto.csproj", "{24416612-77B7-4F16-A94C-01E33BA695C4}"
EndProject
Global
	GlobalSection(SolutionConfigurationPlatforms) = preSolution
		Debug|Any CPU = Debug|Any CPU
		Release|Any CPU = Release|Any CPU
	EndGlobalSection
	GlobalSection(ProjectConfigurationPlatforms) = postSolution
		{108BD445-365D-4AAC-93A7-EBBDCB1672B6}.Debug|Any CPU.ActiveCfg = Debug|Any CPU
		{108BD445-365D-4AAC-93A7-EBBDCB1672B6}.Debug|Any CPU.Build.0 = Debug|Any CPU
		{108BD445-365D-4AAC-93A7-EBBDCB1672B6}.Release|Any CPU.ActiveCfg = Release|Any CPU
		{108BD445-365D-4AAC-93A7-EBBDCB1672B6}.Release|Any CPU.Build.0 = Release|Any CPU
		{D8D61B84-411A-4FB9-9C99-DA86ED994D44}.Debug|Any CPU.ActiveCfg = Debug|Any CPU
		{D8D61B84-411A-4FB9-9C99-DA86ED994D44}.Debug|Any CPU.Build.0 = Debug|Any CPU
		{D8D61B84-411A-4FB9-9C99-DA86ED994D44}.Release|Any CPU.ActiveCfg = Release|Any CPU
		{D8D61B84-411A-4FB9-9C99-DA86ED994D44}.Release|Any CPU.Build.0 = Release|Any CPU
		{262248AD-9E99-465E-8967-1DC0FBAF90F2}.Debug|Any CPU.ActiveCfg = Debug|Any CPU
		{262248AD-9E99-465E-8967-1DC0FBAF90F2}.Debug|Any CPU.Build.0 = Debug|Any CPU
		{262248AD-9E99-465E-8967-1DC0FBAF90F2}.Release|Any CPU.ActiveCfg = Release|Any CPU
		{262248AD-9E99-465E-8967-1DC0FBAF90F2}.Release|Any CPU.Build.0 = Release|Any CPU
		{4D426DD9-B82D-4164-BD05-8F2A36C2E96E}.Debug|Any CPU.ActiveCfg = Debug|Any CPU
		{4D426DD9-B82D-4164-BD05-8F2A36C2E96E}.Debug|Any CPU.Build.0 = Debug|Any CPU
		{4D426DD9-B82D-4164-BD05-8F2A36C2E96E}.Release|Any CPU.ActiveCfg = Release|Any CPU
		{4D426DD9-B82D-4164-BD05-8F2A36C2E96E}.Release|Any CPU.Build.0 = Release|Any CPU
		{2E00C1F6-EAE0-4304-A580-B41FBD1168B2}.Debug|Any CPU.ActiveCfg = Debug|Any CPU
		{2E00C1F6-EAE0-4304-A580-B41FBD1168B2}.Debug|Any CPU.Build.0 = Debug|Any CPU
		{2E00C1F6-EAE0-4304-A580-B41FBD1168B2}.Release|Any CPU.ActiveCfg = Release|Any CPU
		{2E00C1F6-EAE0-4304-A580-B41FBD1168B2}.Release|Any CPU.Build.0 = Release|Any CPU
		{B7DBC312-DA51-4EC9-A372-FCEC70632E9B}.Debug|Any CPU.ActiveCfg = Debug|Any CPU
		{B7DBC312-DA51-4EC9-A372-FCEC70632E9B}.Debug|Any CPU.Build.0 = Debug|Any CPU
		{B7DBC312-DA51-4EC9-A372-FCEC70632E9B}.Release|Any CPU.ActiveCfg = Release|Any CPU
		{B7DBC312-DA51-4EC9-A372-FCEC70632E9B}.Release|Any CPU.Build.0 = Release|Any CPU
		{24416612-77B7-4F16-A94C-01E33BA695C4}.Debug|Any CPU.ActiveCfg = Debug|Any CPU
		{24416612-77B7-4F16-A94C-01E33BA695C4}.Debug|Any CPU.Build.0 = Debug|Any CPU
		{24416612-77B7-4F16-A94C-01E33BA695C4}.Release|Any CPU.ActiveCfg = Release|Any CPU
		{24416612-77B7-4F16-A94C-01E33BA695C4}.Release|Any CPU.Build.0 = Release|Any CPU
	EndGlobalSection
	GlobalSection(SolutionProperties) = preSolution
		HideSolutionNode = FALSE
	EndGlobalSection
	GlobalSection(NestedProjects) = preSolution
		{108BD445-365D-4AAC-93A7-EBBDCB1672B6} = {071D9DB5-ABD2-49FB-9318-47F0BB876101}
		{D8D61B84-411A-4FB9-9C99-DA86ED994D44} = {071D9DB5-ABD2-49FB-9318-47F0BB876101}
		{262248AD-9E99-465E-8967-1DC0FBAF90F2} = {071D9DB5-ABD2-49FB-9318-47F0BB876101}
		{4D426DD9-B82D-4164-BD05-8F2A36C2E96E} = {071D9DB5-ABD2-49FB-9318-47F0BB876101}
		{2E00C1F6-EAE0-4304-A580-B41FBD1168B2} = {071D9DB5-ABD2-49FB-9318-47F0BB876101}
		{44E36FD6-986F-4D04-A148-0182BBFF8D58} = {071D9DB5-ABD2-49FB-9318-47F0BB876101}
		{B7DBC312-DA51-4EC9-A372-FCEC70632E9B} = {44E36FD6-986F-4D04-A148-0182BBFF8D58}
		{24416612-77B7-4F16-A94C-01E33BA695C4} = {44E36FD6-986F-4D04-A148-0182BBFF8D58}
	EndGlobalSection
	GlobalSection(ExtensibilityGlobals) = postSolution
		SolutionGuid = {4B6A67B5-DBC1-40C3-875A-DF91412849A2}
	EndGlobalSection
EndGlobal
